PODS:
  - FlutterMacOS (1.0.0)

DEPENDENCIES:
  - FlutterMacOS (from `Flutter/ephemeral`)

EXTERNAL SOURCES:
  FlutterMacOS:
    :path: Flutter/ephemeral

SPEC CHECKSUMS:
  FlutterMacOS: c232990155153907050900a2e175c7773903ba4e

PODFILE CHECKSUM: a881a11b53af9e8cc4f8ab9f6aa9eb0bca5948e7

COCOAPODS: 1.16.2
